
Microsoft Visual Studio Solution File, Format Version 12.00
# Visual Studio 15
VisualStudioVersion = 15.0.26124.0
MinimumVisualStudioVersion = 15.0.26124.0
Project("{2150E333-8FDC-42A3-9474-1A3956D46DE8}") = "src", "src", "{CCB0B908-303B-4A20-B432-FA85C634E404}"
EndProject
Project("{FAE04EC0-301F-11D3-BF4B-00C04F79EFBC}") = "EfCosmos.Services.Api", "src\EfCosmos.Services.Api\EfCosmos.Services.Api.csproj", "{B445AA38-080E-4B9E-B22C-76088717E492}"
EndProject
Global
	GlobalSection(SolutionConfigurationPlatforms) = preSolution
		Debug|Any CPU = Debug|Any CPU
		Debug|x64 = Debug|x64
		Debug|x86 = Debug|x86
		Release|Any CPU = Release|Any CPU
		Release|x64 = Release|x64
		Release|x86 = Release|x86
	EndGlobalSection
	GlobalSection(SolutionProperties) = preSolution
		HideSolutionNode = FALSE
	EndGlobalSection
	GlobalSection(ProjectConfigurationPlatforms) = postSolution
		{B445AA38-080E-4B9E-B22C-76088717E492}.Debug|Any CPU.ActiveCfg = Debug|Any CPU
		{B445AA38-080E-4B9E-B22C-76088717E492}.Debug|Any CPU.Build.0 = Debug|Any CPU
		{B445AA38-080E-4B9E-B22C-76088717E492}.Debug|x64.ActiveCfg = Debug|Any CPU
		{B445AA38-080E-4B9E-B22C-76088717E492}.Debug|x64.Build.0 = Debug|Any CPU
		{B445AA38-080E-4B9E-B22C-76088717E492}.Debug|x86.ActiveCfg = Debug|Any CPU
		{B445AA38-080E-4B9E-B22C-76088717E492}.Debug|x86.Build.0 = Debug|Any CPU
		{B445AA38-080E-4B9E-B22C-76088717E492}.Release|Any CPU.ActiveCfg = Release|Any CPU
		{B445AA38-080E-4B9E-B22C-76088717E492}.Release|Any CPU.Build.0 = Release|Any CPU
		{B445AA38-080E-4B9E-B22C-76088717E492}.Release|x64.ActiveCfg = Release|Any CPU
		{B445AA38-080E-4B9E-B22C-76088717E492}.Release|x64.Build.0 = Release|Any CPU
		{B445AA38-080E-4B9E-B22C-76088717E492}.Release|x86.ActiveCfg = Release|Any CPU
		{B445AA38-080E-4B9E-B22C-76088717E492}.Release|x86.Build.0 = Release|Any CPU
	EndGlobalSection
	GlobalSection(NestedProjects) = preSolution
		{B445AA38-080E-4B9E-B22C-76088717E492} = {CCB0B908-303B-4A20-B432-FA85C634E404}
	EndGlobalSection
EndGlobal
