
Microsoft Visual Studio Solution File, Format Version 12.00
# Visual Studio Version 16
VisualStudioVersion = 16.0.29215.179
MinimumVisualStudioVersion = 10.0.40219.1
Project("{FAE04EC0-301F-11D3-BF4B-00C04F79EFBC}") = "SeleniumDemo", "SeleniumDemo\SeleniumDemo.csproj", "{07069578-E3E5-4F5E-AD41-A4F3BF4A4FF8}"
EndProject
Global
	GlobalSection(SolutionConfigurationPlatforms) = preSolution
		Debug|Any CPU = Debug|Any CPU
		Release|Any CPU = Release|Any CPU
	EndGlobalSection
	GlobalSection(ProjectConfigurationPlatforms) = postSolution
		{07069578-E3E5-4F5E-AD41-A4F3BF4A4FF8}.Debug|Any CPU.ActiveCfg = Debug|Any CPU
		{07069578-E3E5-4F5E-AD41-A4F3BF4A4FF8}.Debug|Any CPU.Build.0 = Debug|Any CPU
		{07069578-E3E5-4F5E-AD41-A4F3BF4A4FF8}.Release|Any CPU.ActiveCfg = Release|Any CPU
		{07069578-E3E5-4F5E-AD41-A4F3BF4A4FF8}.Release|Any CPU.Build.0 = Release|Any CPU
	EndGlobalSection
	GlobalSection(SolutionProperties) = preSolution
		HideSolutionNode = FALSE
	EndGlobalSection
	GlobalSection(ExtensibilityGlobals) = postSolution
		SolutionGuid = {8E69340B-E39F-4C27-BD8C-3F5A886AFB6E}
	EndGlobalSection
EndGlobal
