
Microsoft Visual Studio Solution File, Format Version 12.00
# Visual Studio 15
VisualStudioVersion = 15.0.26124.0
MinimumVisualStudioVersion = 15.0.26124.0
Project("{2150E333-8FDC-42A3-9474-1A3956D46DE8}") = "src", "src", "{FCA24DEA-0A02-449E-86B8-B9667734FB18}"
EndProject
Project("{2150E333-8FDC-42A3-9474-1A3956D46DE8}") = "Core", "Core", "{65183ED0-3745-4FC6-8149-3B6BC7281C8F}"
EndProject
Project("{FAE04EC0-301F-11D3-BF4B-00C04F79EFBC}") = "Common", "src\Core\Common\Common.csproj", "{3DB3FB1D-4F3E-4E9E-8EE1-38DA3D159BC8}"
EndProject
Project("{FAE04EC0-301F-11D3-BF4B-00C04F79EFBC}") = "Domain", "src\Core\Domain\Domain.csproj", "{977003F4-D74E-4E39-83D6-3A07B2CA5970}"
EndProject
Project("{FAE04EC0-301F-11D3-BF4B-00C04F79EFBC}") = "Application", "src\Core\Application\Application.csproj", "{0EE5F260-06DA-4388-B520-7A677589433F}"
EndProject
Project("{2150E333-8FDC-42A3-9474-1A3956D46DE8}") = "Infrastructure", "Infrastructure", "{2D610A96-39D6-4F19-AE83-97E462950FD1}"
EndProject
Project("{FAE04EC0-301F-11D3-BF4B-00C04F79EFBC}") = "Infrastructure", "Src\Infrastructure\Infrastructure\Infrastructure.csproj", "{7F6F1EDD-5A39-46E5-B365-49DFB3933EED}"
EndProject
Project("{FAE04EC0-301F-11D3-BF4B-00C04F79EFBC}") = "Persistence", "Src\Infrastructure\Persistence\Persistence.csproj", "{970D54D9-599C-442A-B71B-43900C7D9576}"
EndProject
Project("{2150E333-8FDC-42A3-9474-1A3956D46DE8}") = "Presentation", "Presentation", "{7A5C4532-FF71-4D45-8CD6-73CA91D0C43C}"
EndProject
Project("{FAE04EC0-301F-11D3-BF4B-00C04F79EFBC}") = "WebApi", "Src\Presentation\WebApi\WebApi.csproj", "{145EC7A6-D908-4283-AA11-7D590F5B4A57}"
EndProject
Project("{2150E333-8FDC-42A3-9474-1A3956D46DE8}") = "Tests", "Tests", "{25C9D862-6FBF-4E8B-94D0-43754A7126FC}"
EndProject
Project("{2150E333-8FDC-42A3-9474-1A3956D46DE8}") = "Core", "Core", "{0C1A45F8-EE5A-4CD2-9C8C-565A3E51997C}"
EndProject
Project("{FAE04EC0-301F-11D3-BF4B-00C04F79EFBC}") = "Domain.UnitTests", "Tests\Core\Domain.UnitTests\Domain.UnitTests.csproj", "{A967D78C-90F8-476D-8BFC-9773CD478EEC}"
EndProject
Project("{FAE04EC0-301F-11D3-BF4B-00C04F79EFBC}") = "Application.UnitTests", "Tests\Core\Application.UnitTests\Application.UnitTests.csproj", "{E1A3569C-2F17-467E-A2B9-078D24B5961C}"
EndProject
Project("{2150E333-8FDC-42A3-9474-1A3956D46DE8}") = "Infrastructure", "Infrastructure", "{7635B302-7D3E-4CA3-9F67-12ADC1E43933}"
EndProject
Project("{FAE04EC0-301F-11D3-BF4B-00C04F79EFBC}") = "Persistence.IntegrationTests", "Tests\Infrastructure\Persistence.IntegrationTests\Persistence.IntegrationTests.csproj", "{896517CB-3FF9-4B04-A1CF-7168A016657D}"
EndProject
Global
	GlobalSection(SolutionConfigurationPlatforms) = preSolution
		Debug|Any CPU = Debug|Any CPU
		Debug|x64 = Debug|x64
		Debug|x86 = Debug|x86
		Release|Any CPU = Release|Any CPU
		Release|x64 = Release|x64
		Release|x86 = Release|x86
	EndGlobalSection
	GlobalSection(SolutionProperties) = preSolution
		HideSolutionNode = FALSE
	EndGlobalSection
	GlobalSection(ProjectConfigurationPlatforms) = postSolution
		{3DB3FB1D-4F3E-4E9E-8EE1-38DA3D159BC8}.Debug|Any CPU.ActiveCfg = Debug|Any CPU
		{3DB3FB1D-4F3E-4E9E-8EE1-38DA3D159BC8}.Debug|Any CPU.Build.0 = Debug|Any CPU
		{3DB3FB1D-4F3E-4E9E-8EE1-38DA3D159BC8}.Debug|x64.ActiveCfg = Debug|Any CPU
		{3DB3FB1D-4F3E-4E9E-8EE1-38DA3D159BC8}.Debug|x64.Build.0 = Debug|Any CPU
		{3DB3FB1D-4F3E-4E9E-8EE1-38DA3D159BC8}.Debug|x86.ActiveCfg = Debug|Any CPU
		{3DB3FB1D-4F3E-4E9E-8EE1-38DA3D159BC8}.Debug|x86.Build.0 = Debug|Any CPU
		{3DB3FB1D-4F3E-4E9E-8EE1-38DA3D159BC8}.Release|Any CPU.ActiveCfg = Release|Any CPU
		{3DB3FB1D-4F3E-4E9E-8EE1-38DA3D159BC8}.Release|Any CPU.Build.0 = Release|Any CPU
		{3DB3FB1D-4F3E-4E9E-8EE1-38DA3D159BC8}.Release|x64.ActiveCfg = Release|Any CPU
		{3DB3FB1D-4F3E-4E9E-8EE1-38DA3D159BC8}.Release|x64.Build.0 = Release|Any CPU
		{3DB3FB1D-4F3E-4E9E-8EE1-38DA3D159BC8}.Release|x86.ActiveCfg = Release|Any CPU
		{3DB3FB1D-4F3E-4E9E-8EE1-38DA3D159BC8}.Release|x86.Build.0 = Release|Any CPU
		{977003F4-D74E-4E39-83D6-3A07B2CA5970}.Debug|Any CPU.ActiveCfg = Debug|Any CPU
		{977003F4-D74E-4E39-83D6-3A07B2CA5970}.Debug|Any CPU.Build.0 = Debug|Any CPU
		{977003F4-D74E-4E39-83D6-3A07B2CA5970}.Debug|x64.ActiveCfg = Debug|Any CPU
		{977003F4-D74E-4E39-83D6-3A07B2CA5970}.Debug|x64.Build.0 = Debug|Any CPU
		{977003F4-D74E-4E39-83D6-3A07B2CA5970}.Debug|x86.ActiveCfg = Debug|Any CPU
		{977003F4-D74E-4E39-83D6-3A07B2CA5970}.Debug|x86.Build.0 = Debug|Any CPU
		{977003F4-D74E-4E39-83D6-3A07B2CA5970}.Release|Any CPU.ActiveCfg = Release|Any CPU
		{977003F4-D74E-4E39-83D6-3A07B2CA5970}.Release|Any CPU.Build.0 = Release|Any CPU
		{977003F4-D74E-4E39-83D6-3A07B2CA5970}.Release|x64.ActiveCfg = Release|Any CPU
		{977003F4-D74E-4E39-83D6-3A07B2CA5970}.Release|x64.Build.0 = Release|Any CPU
		{977003F4-D74E-4E39-83D6-3A07B2CA5970}.Release|x86.ActiveCfg = Release|Any CPU
		{977003F4-D74E-4E39-83D6-3A07B2CA5970}.Release|x86.Build.0 = Release|Any CPU
		{0EE5F260-06DA-4388-B520-7A677589433F}.Debug|Any CPU.ActiveCfg = Debug|Any CPU
		{0EE5F260-06DA-4388-B520-7A677589433F}.Debug|Any CPU.Build.0 = Debug|Any CPU
		{0EE5F260-06DA-4388-B520-7A677589433F}.Debug|x64.ActiveCfg = Debug|Any CPU
		{0EE5F260-06DA-4388-B520-7A677589433F}.Debug|x64.Build.0 = Debug|Any CPU
		{0EE5F260-06DA-4388-B520-7A677589433F}.Debug|x86.ActiveCfg = Debug|Any CPU
		{0EE5F260-06DA-4388-B520-7A677589433F}.Debug|x86.Build.0 = Debug|Any CPU
		{0EE5F260-06DA-4388-B520-7A677589433F}.Release|Any CPU.ActiveCfg = Release|Any CPU
		{0EE5F260-06DA-4388-B520-7A677589433F}.Release|Any CPU.Build.0 = Release|Any CPU
		{0EE5F260-06DA-4388-B520-7A677589433F}.Release|x64.ActiveCfg = Release|Any CPU
		{0EE5F260-06DA-4388-B520-7A677589433F}.Release|x64.Build.0 = Release|Any CPU
		{0EE5F260-06DA-4388-B520-7A677589433F}.Release|x86.ActiveCfg = Release|Any CPU
		{0EE5F260-06DA-4388-B520-7A677589433F}.Release|x86.Build.0 = Release|Any CPU
		{7F6F1EDD-5A39-46E5-B365-49DFB3933EED}.Debug|Any CPU.ActiveCfg = Debug|Any CPU
		{7F6F1EDD-5A39-46E5-B365-49DFB3933EED}.Debug|Any CPU.Build.0 = Debug|Any CPU
		{7F6F1EDD-5A39-46E5-B365-49DFB3933EED}.Debug|x64.ActiveCfg = Debug|Any CPU
		{7F6F1EDD-5A39-46E5-B365-49DFB3933EED}.Debug|x64.Build.0 = Debug|Any CPU
		{7F6F1EDD-5A39-46E5-B365-49DFB3933EED}.Debug|x86.ActiveCfg = Debug|Any CPU
		{7F6F1EDD-5A39-46E5-B365-49DFB3933EED}.Debug|x86.Build.0 = Debug|Any CPU
		{7F6F1EDD-5A39-46E5-B365-49DFB3933EED}.Release|Any CPU.ActiveCfg = Release|Any CPU
		{7F6F1EDD-5A39-46E5-B365-49DFB3933EED}.Release|Any CPU.Build.0 = Release|Any CPU
		{7F6F1EDD-5A39-46E5-B365-49DFB3933EED}.Release|x64.ActiveCfg = Release|Any CPU
		{7F6F1EDD-5A39-46E5-B365-49DFB3933EED}.Release|x64.Build.0 = Release|Any CPU
		{7F6F1EDD-5A39-46E5-B365-49DFB3933EED}.Release|x86.ActiveCfg = Release|Any CPU
		{7F6F1EDD-5A39-46E5-B365-49DFB3933EED}.Release|x86.Build.0 = Release|Any CPU
		{970D54D9-599C-442A-B71B-43900C7D9576}.Debug|Any CPU.ActiveCfg = Debug|Any CPU
		{970D54D9-599C-442A-B71B-43900C7D9576}.Debug|Any CPU.Build.0 = Debug|Any CPU
		{970D54D9-599C-442A-B71B-43900C7D9576}.Debug|x64.ActiveCfg = Debug|Any CPU
		{970D54D9-599C-442A-B71B-43900C7D9576}.Debug|x64.Build.0 = Debug|Any CPU
		{970D54D9-599C-442A-B71B-43900C7D9576}.Debug|x86.ActiveCfg = Debug|Any CPU
		{970D54D9-599C-442A-B71B-43900C7D9576}.Debug|x86.Build.0 = Debug|Any CPU
		{970D54D9-599C-442A-B71B-43900C7D9576}.Release|Any CPU.ActiveCfg = Release|Any CPU
		{970D54D9-599C-442A-B71B-43900C7D9576}.Release|Any CPU.Build.0 = Release|Any CPU
		{970D54D9-599C-442A-B71B-43900C7D9576}.Release|x64.ActiveCfg = Release|Any CPU
		{970D54D9-599C-442A-B71B-43900C7D9576}.Release|x64.Build.0 = Release|Any CPU
		{970D54D9-599C-442A-B71B-43900C7D9576}.Release|x86.ActiveCfg = Release|Any CPU
		{970D54D9-599C-442A-B71B-43900C7D9576}.Release|x86.Build.0 = Release|Any CPU
		{145EC7A6-D908-4283-AA11-7D590F5B4A57}.Debug|Any CPU.ActiveCfg = Debug|Any CPU
		{145EC7A6-D908-4283-AA11-7D590F5B4A57}.Debug|Any CPU.Build.0 = Debug|Any CPU
		{145EC7A6-D908-4283-AA11-7D590F5B4A57}.Debug|x64.ActiveCfg = Debug|Any CPU
		{145EC7A6-D908-4283-AA11-7D590F5B4A57}.Debug|x64.Build.0 = Debug|Any CPU
		{145EC7A6-D908-4283-AA11-7D590F5B4A57}.Debug|x86.ActiveCfg = Debug|Any CPU
		{145EC7A6-D908-4283-AA11-7D590F5B4A57}.Debug|x86.Build.0 = Debug|Any CPU
		{145EC7A6-D908-4283-AA11-7D590F5B4A57}.Release|Any CPU.ActiveCfg = Release|Any CPU
		{145EC7A6-D908-4283-AA11-7D590F5B4A57}.Release|Any CPU.Build.0 = Release|Any CPU
		{145EC7A6-D908-4283-AA11-7D590F5B4A57}.Release|x64.ActiveCfg = Release|Any CPU
		{145EC7A6-D908-4283-AA11-7D590F5B4A57}.Release|x64.Build.0 = Release|Any CPU
		{145EC7A6-D908-4283-AA11-7D590F5B4A57}.Release|x86.ActiveCfg = Release|Any CPU
		{145EC7A6-D908-4283-AA11-7D590F5B4A57}.Release|x86.Build.0 = Release|Any CPU
		{A967D78C-90F8-476D-8BFC-9773CD478EEC}.Debug|Any CPU.ActiveCfg = Debug|Any CPU
		{A967D78C-90F8-476D-8BFC-9773CD478EEC}.Debug|Any CPU.Build.0 = Debug|Any CPU
		{A967D78C-90F8-476D-8BFC-9773CD478EEC}.Debug|x64.ActiveCfg = Debug|Any CPU
		{A967D78C-90F8-476D-8BFC-9773CD478EEC}.Debug|x64.Build.0 = Debug|Any CPU
		{A967D78C-90F8-476D-8BFC-9773CD478EEC}.Debug|x86.ActiveCfg = Debug|Any CPU
		{A967D78C-90F8-476D-8BFC-9773CD478EEC}.Debug|x86.Build.0 = Debug|Any CPU
		{A967D78C-90F8-476D-8BFC-9773CD478EEC}.Release|Any CPU.ActiveCfg = Release|Any CPU
		{A967D78C-90F8-476D-8BFC-9773CD478EEC}.Release|Any CPU.Build.0 = Release|Any CPU
		{A967D78C-90F8-476D-8BFC-9773CD478EEC}.Release|x64.ActiveCfg = Release|Any CPU
		{A967D78C-90F8-476D-8BFC-9773CD478EEC}.Release|x64.Build.0 = Release|Any CPU
		{A967D78C-90F8-476D-8BFC-9773CD478EEC}.Release|x86.ActiveCfg = Release|Any CPU
		{A967D78C-90F8-476D-8BFC-9773CD478EEC}.Release|x86.Build.0 = Release|Any CPU
		{E1A3569C-2F17-467E-A2B9-078D24B5961C}.Debug|Any CPU.ActiveCfg = Debug|Any CPU
		{E1A3569C-2F17-467E-A2B9-078D24B5961C}.Debug|Any CPU.Build.0 = Debug|Any CPU
		{E1A3569C-2F17-467E-A2B9-078D24B5961C}.Debug|x64.ActiveCfg = Debug|Any CPU
		{E1A3569C-2F17-467E-A2B9-078D24B5961C}.Debug|x64.Build.0 = Debug|Any CPU
		{E1A3569C-2F17-467E-A2B9-078D24B5961C}.Debug|x86.ActiveCfg = Debug|Any CPU
		{E1A3569C-2F17-467E-A2B9-078D24B5961C}.Debug|x86.Build.0 = Debug|Any CPU
		{E1A3569C-2F17-467E-A2B9-078D24B5961C}.Release|Any CPU.ActiveCfg = Release|Any CPU
		{E1A3569C-2F17-467E-A2B9-078D24B5961C}.Release|Any CPU.Build.0 = Release|Any CPU
		{E1A3569C-2F17-467E-A2B9-078D24B5961C}.Release|x64.ActiveCfg = Release|Any CPU
		{E1A3569C-2F17-467E-A2B9-078D24B5961C}.Release|x64.Build.0 = Release|Any CPU
		{E1A3569C-2F17-467E-A2B9-078D24B5961C}.Release|x86.ActiveCfg = Release|Any CPU
		{E1A3569C-2F17-467E-A2B9-078D24B5961C}.Release|x86.Build.0 = Release|Any CPU
		{896517CB-3FF9-4B04-A1CF-7168A016657D}.Debug|Any CPU.ActiveCfg = Debug|Any CPU
		{896517CB-3FF9-4B04-A1CF-7168A016657D}.Debug|Any CPU.Build.0 = Debug|Any CPU
		{896517CB-3FF9-4B04-A1CF-7168A016657D}.Debug|x64.ActiveCfg = Debug|Any CPU
		{896517CB-3FF9-4B04-A1CF-7168A016657D}.Debug|x64.Build.0 = Debug|Any CPU
		{896517CB-3FF9-4B04-A1CF-7168A016657D}.Debug|x86.ActiveCfg = Debug|Any CPU
		{896517CB-3FF9-4B04-A1CF-7168A016657D}.Debug|x86.Build.0 = Debug|Any CPU
		{896517CB-3FF9-4B04-A1CF-7168A016657D}.Release|Any CPU.ActiveCfg = Release|Any CPU
		{896517CB-3FF9-4B04-A1CF-7168A016657D}.Release|Any CPU.Build.0 = Release|Any CPU
		{896517CB-3FF9-4B04-A1CF-7168A016657D}.Release|x64.ActiveCfg = Release|Any CPU
		{896517CB-3FF9-4B04-A1CF-7168A016657D}.Release|x64.Build.0 = Release|Any CPU
		{896517CB-3FF9-4B04-A1CF-7168A016657D}.Release|x86.ActiveCfg = Release|Any CPU
		{896517CB-3FF9-4B04-A1CF-7168A016657D}.Release|x86.Build.0 = Release|Any CPU
	EndGlobalSection
	GlobalSection(NestedProjects) = preSolution
		{65183ED0-3745-4FC6-8149-3B6BC7281C8F} = {FCA24DEA-0A02-449E-86B8-B9667734FB18}
		{3DB3FB1D-4F3E-4E9E-8EE1-38DA3D159BC8} = {65183ED0-3745-4FC6-8149-3B6BC7281C8F}
		{977003F4-D74E-4E39-83D6-3A07B2CA5970} = {65183ED0-3745-4FC6-8149-3B6BC7281C8F}
		{0EE5F260-06DA-4388-B520-7A677589433F} = {65183ED0-3745-4FC6-8149-3B6BC7281C8F}
		{2D610A96-39D6-4F19-AE83-97E462950FD1} = {FCA24DEA-0A02-449E-86B8-B9667734FB18}
		{7F6F1EDD-5A39-46E5-B365-49DFB3933EED} = {2D610A96-39D6-4F19-AE83-97E462950FD1}
		{970D54D9-599C-442A-B71B-43900C7D9576} = {2D610A96-39D6-4F19-AE83-97E462950FD1}
		{7A5C4532-FF71-4D45-8CD6-73CA91D0C43C} = {FCA24DEA-0A02-449E-86B8-B9667734FB18}
		{145EC7A6-D908-4283-AA11-7D590F5B4A57} = {7A5C4532-FF71-4D45-8CD6-73CA91D0C43C}
		{0C1A45F8-EE5A-4CD2-9C8C-565A3E51997C} = {25C9D862-6FBF-4E8B-94D0-43754A7126FC}
		{A967D78C-90F8-476D-8BFC-9773CD478EEC} = {0C1A45F8-EE5A-4CD2-9C8C-565A3E51997C}
		{E1A3569C-2F17-467E-A2B9-078D24B5961C} = {0C1A45F8-EE5A-4CD2-9C8C-565A3E51997C}
		{7635B302-7D3E-4CA3-9F67-12ADC1E43933} = {25C9D862-6FBF-4E8B-94D0-43754A7126FC}
		{896517CB-3FF9-4B04-A1CF-7168A016657D} = {7635B302-7D3E-4CA3-9F67-12ADC1E43933}
	EndGlobalSection
EndGlobal
