
Microsoft Visual Studio Solution File, Format Version 12.00
# Visual Studio Version 16
VisualStudioVersion = 16.0.29503.13
MinimumVisualStudioVersion = 10.0.40219.1
Project("{FAE04EC0-301F-11D3-BF4B-00C04F79EFBC}") = "AspNetCoreJWTAuth", "AspNetCoreJWTAuth\AspNetCoreJWTAuth.csproj", "{6CCCC57C-9A1A-4328-A69D-61803810013D}"
EndProject
Global
	GlobalSection(SolutionConfigurationPlatforms) = preSolution
		Debug|Any CPU = Debug|Any CPU
		Release|Any CPU = Release|Any CPU
	EndGlobalSection
	GlobalSection(ProjectConfigurationPlatforms) = postSolution
		{6CCCC57C-9A1A-4328-A69D-61803810013D}.Debug|Any CPU.ActiveCfg = Debug|Any CPU
		{6CCCC57C-9A1A-4328-A69D-61803810013D}.Debug|Any CPU.Build.0 = Debug|Any CPU
		{6CCCC57C-9A1A-4328-A69D-61803810013D}.Release|Any CPU.ActiveCfg = Release|Any CPU
		{6CCCC57C-9A1A-4328-A69D-61803810013D}.Release|Any CPU.Build.0 = Release|Any CPU
	EndGlobalSection
	GlobalSection(SolutionProperties) = preSolution
		HideSolutionNode = FALSE
	EndGlobalSection
	GlobalSection(ExtensibilityGlobals) = postSolution
		SolutionGuid = {2C19F7C2-B300-4BF3-B889-6A0A8EC17898}
	EndGlobalSection
EndGlobal
